# THIS IS AN AUTOGENERATED FILE. DO NOT EDIT THIS FILE DIRECTLY.
# yarn lockfile v1


ansicolors@~0.2.1:
  version "0.2.1"
  resolved "https://registry.yarnpkg.com/ansicolors/-/ansicolors-0.2.1.tgz#be089599097b74a5c9c4a84a0cdbcdb62bd87aef"
  integrity sha512-tOIuy1/SK/dr94ZA0ckDohKXNeBNqZ4us6PjMVLs5h1w2GBB6uPtOknp2+VF4F/zcy9LI70W+Z+pE2Soajky1w==

async@^2.6.0:
  version "2.6.4"
  resolved "https://registry.yarnpkg.com/async/-/async-2.6.4.tgz#706b7ff6084664cd7eae713f6f965433b5504221"
  integrity sha512-mzo5dfJYwAn29PeiJ0zvwTo04zj8HDJj0Mn8TD7sno7q12prdbnasKJHhkm2c1LgrhlJ0teaea8860oxi51mGA==
  dependencies:
    lodash "^4.17.14"

cardinal@^1.0.0:
  version "1.0.0"
  resolved "https://registry.yarnpkg.com/cardinal/-/cardinal-1.0.0.tgz#50e21c1b0aa37729f9377def196b5a9cec932ee9"
  integrity sha512-INsuF4GyiFLk8C91FPokbKTc/rwHqV4JnfatVZ6GPhguP1qmkRWX2dp5tepYboYdPpGWisLVLI+KsXoXFPRSMg==
  dependencies:
    ansicolors "~0.2.1"
    redeyed "~1.0.0"

csv-parse@^4.6.5:
  version "4.16.3"
  resolved "https://registry.yarnpkg.com/csv-parse/-/csv-parse-4.16.3.tgz#7ca624d517212ebc520a36873c3478fa66efbaf7"
  integrity sha512-cO1I/zmz4w2dcKHVvpCr7JVRu8/FymG5OEpmvsZYlccYolPBLoVGKUHgNoc4ZGkFeFlWGEDmMyBM+TTqRdW/wg==

esprima@~3.0.0:
  version "3.0.0"
  resolved "https://registry.yarnpkg.com/esprima/-/esprima-3.0.0.tgz#53cf247acda77313e551c3aa2e73342d3fb4f7d9"
  integrity sha512-xoBq/MIShSydNZOkjkoCEjqod963yHNXTLC40ypBhop6yPqflPz/vTinmCfSrGcywVLnSftRf6a0kJLdFdzemw==

humanize@^0.0.9:
  version "0.0.9"
  resolved "https://registry.yarnpkg.com/humanize/-/humanize-0.0.9.tgz#1994ffaecdfe9c441ed2bdac7452b7bb4c9e41a4"
  integrity sha512-bvZZ7vXpr1RKoImjuQ45hJb5OvE2oJafHysiD/AL3nkqTZH2hFCjQ3YZfCd63FefDitbJze/ispUPP0gfDsT2Q==

lodash@^4.17.14:
  version "4.17.21"
  resolved "https://registry.yarnpkg.com/lodash/-/lodash-4.17.21.tgz#679591c564c3bffaae8454cf0b3df370c3d6911c"
  integrity sha512-v2kDEe57lecTulaDIuNTPy3Ry4gLGJ6Z1O3vE1krgXZNrsQ+LFTGHVxVjcXPs17LhbZVGedAJv8XZ1tvj5FvSg==

microplugin@0.0.3:
  version "0.0.3"
  resolved "https://registry.yarnpkg.com/microplugin/-/microplugin-0.0.3.tgz#1fc2e1bb7c9e19e82bd84bba9137bbe71250d8cd"
  integrity sha512-3wKXex4/iyALV0GX2juow66J9dabkEMgHeZAihdLTaRTzm0N+RubXioNPpfIQDPuBRxr3JbjNt7B0Lr/3yE9yQ==

minimist@~0.0.1:
  version "0.0.10"
  resolved "https://registry.yarnpkg.com/minimist/-/minimist-0.0.10.tgz#de3f98543dbf96082be48ad1a0c7cda836301dcf"
  integrity sha512-iotkTvxc+TwOm5Ieim8VnSNvCDjCK9S8G3scJ50ZthspSxa7jx50jkhYduuAtAjvfDUwSgOwf8+If99AlOEhyw==

optimist@^0.6.1:
  version "0.6.1"
  resolved "https://registry.yarnpkg.com/optimist/-/optimist-0.6.1.tgz#da3ea74686fa21a19a111c326e90eb15a0196686"
  integrity sha512-snN4O4TkigujZphWLN0E//nQmm7790RYaE53DdL7ZYwee2D8DDo9/EyYiKUfN3rneWUjhJnueija3G9I2i0h3g==
  dependencies:
    minimist "~0.0.1"
    wordwrap "~0.0.2"

redeyed@~1.0.0:
  version "1.0.1"
  resolved "https://registry.yarnpkg.com/redeyed/-/redeyed-1.0.1.tgz#e96c193b40c0816b00aec842698e61185e55498a"
  integrity sha512-8eEWsNCkV2rvwKLS1Cvp5agNjMhwRe2um+y32B2+3LqOzg4C9BBPs6vzAfV16Ivb8B9HPNKIqd8OrdBws8kNlQ==
  dependencies:
    esprima "~3.0.0"

selectize@^0.12.6:
  version "0.12.6"
  resolved "https://registry.yarnpkg.com/selectize/-/selectize-0.12.6.tgz#c2cf08cbaa4cb06c5e99bb452919d71b080690d6"
  integrity sha512-bWO5A7G+I8+QXyjLfQUgh31VI4WKYagUZQxAXlDyUmDDNrFxrASV0W9hxCOl0XJ/XQ1dZEu3G9HjXV4Wj0yb6w==
  dependencies:
    microplugin "0.0.3"
    sifter "^0.5.1"

sifter@^0.5.1:
  version "0.5.4"
  resolved "https://registry.yarnpkg.com/sifter/-/sifter-0.5.4.tgz#3cb9e514889edfc887d8d87a355841b01ebdd1ab"
  integrity sha512-t2yxTi/MM/ESup7XH5oMu8PUcttlekt269RqxARgnvS+7D/oP6RyA1x3M/5w8dG9OgkOyQ8hNRWelQ8Rj4TAQQ==
  dependencies:
    async "^2.6.0"
    cardinal "^1.0.0"
    csv-parse "^4.6.5"
    humanize "^0.0.9"
    optimist "^0.6.1"

wordwrap@~0.0.2:
  version "0.0.3"
  resolved "https://registry.yarnpkg.com/wordwrap/-/wordwrap-0.0.3.tgz#a3d5da6cd5c0bc0008d37234bbaf1bed63059107"
  integrity sha512-1tMA907+V4QmxV7dbRvb4/8MaRALK6q9Abid3ndMYnbyo8piisCmeONVqVSXqQA3KaP4SLt5b7ud6E2sqP8TFw==
